
Microsoft Visual Studio Solution File, Format Version 12.00
# Visual Studio Version 16
VisualStudioVersion = 16.0.30907.101
MinimumVisualStudioVersion = 10.0.40219.1
Project("{FAE04EC0-301F-11D3-BF4B-00C04F79EFBC}") = "PandemicSimulator", "PandemicSimulator\PandemicSimulator.csproj", "{A7AD365F-A4EE-47CD-A68E-44089EC42287}"
EndProject
Global
	GlobalSection(SolutionConfigurationPlatforms) = preSolution
		Debug|Any CPU = Debug|Any CPU
		Release|Any CPU = Release|Any CPU
	EndGlobalSection
	GlobalSection(ProjectConfigurationPlatforms) = postSolution
		{A7AD365F-A4EE-47CD-A68E-44089EC42287}.Debug|Any CPU.ActiveCfg = Debug|Any CPU
		{A7AD365F-A4EE-47CD-A68E-44089EC42287}.Debug|Any CPU.Build.0 = Debug|Any CPU
		{A7AD365F-A4EE-47CD-A68E-44089EC42287}.Release|Any CPU.ActiveCfg = Release|Any CPU
		{A7AD365F-A4EE-47CD-A68E-44089EC42287}.Release|Any CPU.Build.0 = Release|Any CPU
	EndGlobalSection
	GlobalSection(SolutionProperties) = preSolution
		HideSolutionNode = FALSE
	EndGlobalSection
	GlobalSection(ExtensibilityGlobals) = postSolution
		SolutionGuid = {04F293BB-ED39-4D3B-B155-067F5B272F38}
	EndGlobalSection
EndGlobal
